
Microsoft Visual Studio Solution File, Format Version 12.00
# Visual Studio Version 17
VisualStudioVersion = 17.0.31903.59
MinimumVisualStudioVersion = 10.0.40219.1
Project("{FAE04EC0-301F-11D3-BF4B-00C04F79EFBC}") = "SIGERSA.Domain", "SIGERSA.Domain\SIGERSA.Domain.csproj", "{4F697474-4066-4AD0-BC06-B16243E286E8}"
EndProject
Project("{FAE04EC0-301F-11D3-BF4B-00C04F79EFBC}") = "SIGERSA.Application", "SIGERSA.Application\SIGERSA.Application.csproj", "{DFC4D742-10BA-4A05-B884-A904CA19F634}"
EndProject
Project("{FAE04EC0-301F-11D3-BF4B-00C04F79EFBC}") = "SIGERSA.Infrastructure", "SIGERSA.Infrastructure\SIGERSA.Infrastructure.csproj", "{E69FD6FD-410D-469C-85A6-4269505DE59D}"
EndProject
Project("{FAE04EC0-301F-11D3-BF4B-00C04F79EFBC}") = "SIGERSA.Api", "SIGERSA.Api\SIGERSA.Api.csproj", "{D217AB07-76B1-48CA-964A-AB6AA373F73B}"
EndProject
Project("{FAE04EC0-301F-11D3-BF4B-00C04F79EFBC}") = "SIGERSA.Worker", "SIGERSA.Worker\SIGERSA.Worker.csproj", "{BCD26FF6-367B-4CC5-A0A2-584B3C1D3DF1}"
EndProject
Project("{FAE04EC0-301F-11D3-BF4B-00C04F79EFBC}") = "SIGERSA.Tests", "SIGERSA.Tests\SIGERSA.Tests.csproj", "{E87ADEED-0512-4834-B539-4BFF80F582C6}"
EndProject
Global
	GlobalSection(SolutionConfigurationPlatforms) = preSolution
		Debug|Any CPU = Debug|Any CPU
		Debug|x64 = Debug|x64
		Debug|x86 = Debug|x86
		Release|Any CPU = Release|Any CPU
		Release|x64 = Release|x64
		Release|x86 = Release|x86
	EndGlobalSection
	GlobalSection(ProjectConfigurationPlatforms) = postSolution
		{4F697474-4066-4AD0-BC06-B16243E286E8}.Debug|Any CPU.ActiveCfg = Debug|Any CPU
		{4F697474-4066-4AD0-BC06-B16243E286E8}.Debug|Any CPU.Build.0 = Debug|Any CPU
		{4F697474-4066-4AD0-BC06-B16243E286E8}.Debug|x64.ActiveCfg = Debug|Any CPU
		{4F697474-4066-4AD0-BC06-B16243E286E8}.Debug|x64.Build.0 = Debug|Any CPU
		{4F697474-4066-4AD0-BC06-B16243E286E8}.Debug|x86.ActiveCfg = Debug|Any CPU
		{4F697474-4066-4AD0-BC06-B16243E286E8}.Debug|x86.Build.0 = Debug|Any CPU
		{4F697474-4066-4AD0-BC06-B16243E286E8}.Release|Any CPU.ActiveCfg = Release|Any CPU
		{4F697474-4066-4AD0-BC06-B16243E286E8}.Release|Any CPU.Build.0 = Release|Any CPU
		{4F697474-4066-4AD0-BC06-B16243E286E8}.Release|x64.ActiveCfg = Release|Any CPU
		{4F697474-4066-4AD0-BC06-B16243E286E8}.Release|x64.Build.0 = Release|Any CPU
		{4F697474-4066-4AD0-BC06-B16243E286E8}.Release|x86.ActiveCfg = Release|Any CPU
		{4F697474-4066-4AD0-BC06-B16243E286E8}.Release|x86.Build.0 = Release|Any CPU
		{DFC4D742-10BA-4A05-B884-A904CA19F634}.Debug|Any CPU.ActiveCfg = Debug|Any CPU
		{DFC4D742-10BA-4A05-B884-A904CA19F634}.Debug|Any CPU.Build.0 = Debug|Any CPU
		{DFC4D742-10BA-4A05-B884-A904CA19F634}.Debug|x64.ActiveCfg = Debug|Any CPU
		{DFC4D742-10BA-4A05-B884-A904CA19F634}.Debug|x64.Build.0 = Debug|Any CPU
		{DFC4D742-10BA-4A05-B884-A904CA19F634}.Debug|x86.ActiveCfg = Debug|Any CPU
		{DFC4D742-10BA-4A05-B884-A904CA19F634}.Debug|x86.Build.0 = Debug|Any CPU
		{DFC4D742-10BA-4A05-B884-A904CA19F634}.Release|Any CPU.ActiveCfg = Release|Any CPU
		{DFC4D742-10BA-4A05-B884-A904CA19F634}.Release|Any CPU.Build.0 = Release|Any CPU
		{DFC4D742-10BA-4A05-B884-A904CA19F634}.Release|x64.ActiveCfg = Release|Any CPU
		{DFC4D742-10BA-4A05-B884-A904CA19F634}.Release|x64.Build.0 = Release|Any CPU
		{DFC4D742-10BA-4A05-B884-A904CA19F634}.Release|x86.ActiveCfg = Release|Any CPU
		{DFC4D742-10BA-4A05-B884-A904CA19F634}.Release|x86.Build.0 = Release|Any CPU
		{E69FD6FD-410D-469C-85A6-4269505DE59D}.Debug|Any CPU.ActiveCfg = Debug|Any CPU
		{E69FD6FD-410D-469C-85A6-4269505DE59D}.Debug|Any CPU.Build.0 = Debug|Any CPU
		{E69FD6FD-410D-469C-85A6-4269505DE59D}.Debug|x64.ActiveCfg = Debug|Any CPU
		{E69FD6FD-410D-469C-85A6-4269505DE59D}.Debug|x64.Build.0 = Debug|Any CPU
		{E69FD6FD-410D-469C-85A6-4269505DE59D}.Debug|x86.ActiveCfg = Debug|Any CPU
		{E69FD6FD-410D-469C-85A6-4269505DE59D}.Debug|x86.Build.0 = Debug|Any CPU
		{E69FD6FD-410D-469C-85A6-4269505DE59D}.Release|Any CPU.ActiveCfg = Release|Any CPU
		{E69FD6FD-410D-469C-85A6-4269505DE59D}.Release|Any CPU.Build.0 = Release|Any CPU
		{E69FD6FD-410D-469C-85A6-4269505DE59D}.Release|x64.ActiveCfg = Release|Any CPU
		{E69FD6FD-410D-469C-85A6-4269505DE59D}.Release|x64.Build.0 = Release|Any CPU
		{E69FD6FD-410D-469C-85A6-4269505DE59D}.Release|x86.ActiveCfg = Release|Any CPU
		{E69FD6FD-410D-469C-85A6-4269505DE59D}.Release|x86.Build.0 = Release|Any CPU
		{D217AB07-76B1-48CA-964A-AB6AA373F73B}.Debug|Any CPU.ActiveCfg = Debug|Any CPU
		{D217AB07-76B1-48CA-964A-AB6AA373F73B}.Debug|Any CPU.Build.0 = Debug|Any CPU
		{D217AB07-76B1-48CA-964A-AB6AA373F73B}.Debug|x64.ActiveCfg = Debug|Any CPU
		{D217AB07-76B1-48CA-964A-AB6AA373F73B}.Debug|x64.Build.0 = Debug|Any CPU
		{D217AB07-76B1-48CA-964A-AB6AA373F73B}.Debug|x86.ActiveCfg = Debug|Any CPU
		{D217AB07-76B1-48CA-964A-AB6AA373F73B}.Debug|x86.Build.0 = Debug|Any CPU
		{D217AB07-76B1-48CA-964A-AB6AA373F73B}.Release|Any CPU.ActiveCfg = Release|Any CPU
		{D217AB07-76B1-48CA-964A-AB6AA373F73B}.Release|Any CPU.Build.0 = Release|Any CPU
		{D217AB07-76B1-48CA-964A-AB6AA373F73B}.Release|x64.ActiveCfg = Release|Any CPU
		{D217AB07-76B1-48CA-964A-AB6AA373F73B}.Release|x64.Build.0 = Release|Any CPU
		{D217AB07-76B1-48CA-964A-AB6AA373F73B}.Release|x86.ActiveCfg = Release|Any CPU
		{D217AB07-76B1-48CA-964A-AB6AA373F73B}.Release|x86.Build.0 = Release|Any CPU
		{BCD26FF6-367B-4CC5-A0A2-584B3C1D3DF1}.Debug|Any CPU.ActiveCfg = Debug|Any CPU
		{BCD26FF6-367B-4CC5-A0A2-584B3C1D3DF1}.Debug|Any CPU.Build.0 = Debug|Any CPU
		{BCD26FF6-367B-4CC5-A0A2-584B3C1D3DF1}.Debug|x64.ActiveCfg = Debug|Any CPU
		{BCD26FF6-367B-4CC5-A0A2-584B3C1D3DF1}.Debug|x64.Build.0 = Debug|Any CPU
		{BCD26FF6-367B-4CC5-A0A2-584B3C1D3DF1}.Debug|x86.ActiveCfg = Debug|Any CPU
		{BCD26FF6-367B-4CC5-A0A2-584B3C1D3DF1}.Debug|x86.Build.0 = Debug|Any CPU
		{BCD26FF6-367B-4CC5-A0A2-584B3C1D3DF1}.Release|Any CPU.ActiveCfg = Release|Any CPU
		{BCD26FF6-367B-4CC5-A0A2-584B3C1D3DF1}.Release|Any CPU.Build.0 = Release|Any CPU
		{BCD26FF6-367B-4CC5-A0A2-584B3C1D3DF1}.Release|x64.ActiveCfg = Release|Any CPU
		{BCD26FF6-367B-4CC5-A0A2-584B3C1D3DF1}.Release|x64.Build.0 = Release|Any CPU
		{BCD26FF6-367B-4CC5-A0A2-584B3C1D3DF1}.Release|x86.ActiveCfg = Release|Any CPU
		{BCD26FF6-367B-4CC5-A0A2-584B3C1D3DF1}.Release|x86.Build.0 = Release|Any CPU
		{E87ADEED-0512-4834-B539-4BFF80F582C6}.Debug|Any CPU.ActiveCfg = Debug|Any CPU
		{E87ADEED-0512-4834-B539-4BFF80F582C6}.Debug|Any CPU.Build.0 = Debug|Any CPU
		{E87ADEED-0512-4834-B539-4BFF80F582C6}.Debug|x64.ActiveCfg = Debug|Any CPU
		{E87ADEED-0512-4834-B539-4BFF80F582C6}.Debug|x64.Build.0 = Debug|Any CPU
		{E87ADEED-0512-4834-B539-4BFF80F582C6}.Debug|x86.ActiveCfg = Debug|Any CPU
		{E87ADEED-0512-4834-B539-4BFF80F582C6}.Debug|x86.Build.0 = Debug|Any CPU
		{E87ADEED-0512-4834-B539-4BFF80F582C6}.Release|Any CPU.ActiveCfg = Release|Any CPU
		{E87ADEED-0512-4834-B539-4BFF80F582C6}.Release|Any CPU.Build.0 = Release|Any CPU
		{E87ADEED-0512-4834-B539-4BFF80F582C6}.Release|x64.ActiveCfg = Release|Any CPU
		{E87ADEED-0512-4834-B539-4BFF80F582C6}.Release|x64.Build.0 = Release|Any CPU
		{E87ADEED-0512-4834-B539-4BFF80F582C6}.Release|x86.ActiveCfg = Release|Any CPU
		{E87ADEED-0512-4834-B539-4BFF80F582C6}.Release|x86.Build.0 = Release|Any CPU
	EndGlobalSection
	GlobalSection(SolutionProperties) = preSolution
		HideSolutionNode = FALSE
	EndGlobalSection
EndGlobal
